// !$*UTF8*$!
{
	archiveVersion = 1;
	classes = {
	};
	objectVersion = 77;
	objects = {

/* Begin PBXBuildFile section */
		1894E49A2E2FA56500447E58 /* Assets.xcassets in Resources */ = {isa = PBXBuildFile; fileRef = 1894E4912E2FA56500447E58 /* Assets.xcassets */; };
		1894E49C2E2FA56500447E58 /* LaunchScreen.storyboard in Resources */ = {isa = PBXBuildFile; fileRef = 1894E4942E2FA56500447E58 /* LaunchScreen.storyboard */; };
		1894E49E2E2FA56500447E58 /* AppDelegate.swift in Sources */ = {isa = PBXBuildFile; fileRef = 1894E4902E2FA56500447E58 /* AppDelegate.swift */; };
		1894E49F2E2FA56500447E58 /* SceneDelegate.swift in Sources */ = {isa = PBXBuildFile; fileRef = 1894E4972E2FA56500447E58 /* SceneDelegate.swift */; };
		1894E4A22E2FA7AD00447E58 /* SplashVC.swift in Sources */ = {isa = PBXBuildFile; fileRef = 1894E4A12E2FA7A500447E58 /* SplashVC.swift */; };
		1894E4A72E2FAA4B00447E58 /* Constants.swift in Sources */ = {isa = PBXBuildFile; fileRef = 1894E4A62E2FAA4800447E58 /* Constants.swift */; };
		1894E4AE2E2FAAFA00447E58 /* HomeViewController.xib in Resources */ = {isa = PBXBuildFile; fileRef = 1894E4AD2E2FAAFA00447E58 /* HomeViewController.xib */; };
		1894E4AF2E2FAAFA00447E58 /* HomeViewController.swift in Sources */ = {isa = PBXBuildFile; fileRef = 1894E4AC2E2FAAFA00447E58 /* HomeViewController.swift */; };
		1894E4CD2E2FACB000447E58 /* MenuViewController.xib in Resources */ = {isa = PBXBuildFile; fileRef = 1894E4CC2E2FACB000447E58 /* MenuViewController.xib */; };
		1894E4CE2E2FACB000447E58 /* MenuViewController.swift in Sources */ = {isa = PBXBuildFile; fileRef = 1894E4CB2E2FACB000447E58 /* MenuViewController.swift */; };
		1894E4D12E2FACC800447E58 /* CartViewController.xib in Resources */ = {isa = PBXBuildFile; fileRef = 1894E4D02E2FACC800447E58 /* CartViewController.xib */; };
		1894E4D22E2FACC800447E58 /* CartViewController.swift in Sources */ = {isa = PBXBuildFile; fileRef = 1894E4CF2E2FACC800447E58 /* CartViewController.swift */; };
		1894E4D52E2FACE300447E58 /* CheckoutViewController.xib in Resources */ = {isa = PBXBuildFile; fileRef = 1894E4D42E2FACE300447E58 /* CheckoutViewController.xib */; };
		1894E4D62E2FACE300447E58 /* CheckoutViewController.swift in Sources */ = {isa = PBXBuildFile; fileRef = 1894E4D32E2FACE300447E58 /* CheckoutViewController.swift */; };
		1894E4D82E2FAD0700447E58 /* HomeViewModel.swift in Sources */ = {isa = PBXBuildFile; fileRef = 1894E4D72E2FAD0000447E58 /* HomeViewModel.swift */; };
		1894E4DA2E2FAD4A00447E58 /* MenuViewModel.swift in Sources */ = {isa = PBXBuildFile; fileRef = 1894E4D92E2FAD4700447E58 /* MenuViewModel.swift */; };
		1894E4DC2E2FAD6D00447E58 /* CartViewModel.swift in Sources */ = {isa = PBXBuildFile; fileRef = 1894E4DB2E2FAD6900447E58 /* CartViewModel.swift */; };
		1894E4DE2E2FAD7F00447E58 /* CheckoutViewModel.swift in Sources */ = {isa = PBXBuildFile; fileRef = 1894E4DD2E2FAD7900447E58 /* CheckoutViewModel.swift */; };
		1894E4E12E2FB0EF00447E58 /* SwiftLoader in Frameworks */ = {isa = PBXBuildFile; productRef = 1894E4E02E2FB0EF00447E58 /* SwiftLoader */; };
		1894E4E32E2FB10500447E58 /* Common.swift in Sources */ = {isa = PBXBuildFile; fileRef = 1894E4E22E2FB10300447E58 /* Common.swift */; };
		1894E5312E2FB5DE00447E58 /* UIViewController+Extension.swift in Sources */ = {isa = PBXBuildFile; fileRef = 1894E5302E2FB5CD00447E58 /* UIViewController+Extension.swift */; };
		1894E5772E30113F00447E58 /* APIManager.swift in Sources */ = {isa = PBXBuildFile; fileRef = 1894E5762E30113B00447E58 /* APIManager.swift */; };
		1894E5792E30117600447E58 /* APIService.swift in Sources */ = {isa = PBXBuildFile; fileRef = 1894E5782E30117200447E58 /* APIService.swift */; };
		1894E5802E3013A000447E58 /* RestaurantService.swift in Sources */ = {isa = PBXBuildFile; fileRef = 1894E57E2E3013A000447E58 /* RestaurantService.swift */; };
		1894E5822E3013EB00447E58 /* RestaurantList.swift in Sources */ = {isa = PBXBuildFile; fileRef = 1894E5812E3013DA00447E58 /* RestaurantList.swift */; };
		1894E5892E301F0800447E58 /* HomeTableViewCell.xib in Resources */ = {isa = PBXBuildFile; fileRef = 1894E5882E301F0800447E58 /* HomeTableViewCell.xib */; };
		1894E58A2E301F0800447E58 /* HomeTableViewCell.swift in Sources */ = {isa = PBXBuildFile; fileRef = 1894E5872E301F0800447E58 /* HomeTableViewCell.swift */; };
		1894E5F32E31413200447E58 /* MenuList.swift in Sources */ = {isa = PBXBuildFile; fileRef = 1894E5F22E31412E00447E58 /* MenuList.swift */; };
		1894E5F62E31435200447E58 /* MenuService.swift in Sources */ = {isa = PBXBuildFile; fileRef = 1894E5F52E31434A00447E58 /* MenuService.swift */; };
		1894E6352E31593800447E58 /* MenuTableViewCell.swift in Sources */ = {isa = PBXBuildFile; fileRef = 1894E6332E31593800447E58 /* MenuTableViewCell.swift */; };
		1894E6362E31593800447E58 /* MenuTableViewCell.xib in Resources */ = {isa = PBXBuildFile; fileRef = 1894E6342E31593800447E58 /* MenuTableViewCell.xib */; };
		1894E6392E315B9200447E58 /* Kingfisher in Frameworks */ = {isa = PBXBuildFile; productRef = 1894E6382E315B9200447E58 /* Kingfisher */; };
		1894E6772E316C9400447E58 /* CoreData.framework in Frameworks */ = {isa = PBXBuildFile; fileRef = 1894E6762E316C9400447E58 /* CoreData.framework */; };
		1894E67A2E316CC600447E58 /* DesiDabbaModel.xcdatamodeld in Sources */ = {isa = PBXBuildFile; fileRef = 1894E6782E316CC500447E58 /* DesiDabbaModel.xcdatamodeld */; };
		1894E67C2E316D8F00447E58 /* CoreDataManager.swift in Sources */ = {isa = PBXBuildFile; fileRef = 1894E67B2E316D8900447E58 /* CoreDataManager.swift */; };
		1894E6802E31722C00447E58 /* Protocols.swift in Sources */ = {isa = PBXBuildFile; fileRef = 1894E67F2E31722800447E58 /* Protocols.swift */; };
/* End PBXBuildFile section */

/* Begin PBXFileReference section */
		1894E4782E2FA55800447E58 /* DesiDabba.app */ = {isa = PBXFileReference; explicitFileType = wrapper.application; includeInIndex = 0; path = DesiDabba.app; sourceTree = BUILT_PRODUCTS_DIR; };
		1894E4902E2FA56500447E58 /* AppDelegate.swift */ = {isa = PBXFileReference; lastKnownFileType = sourcecode.swift; path = AppDelegate.swift; sourceTree = "<group>"; };
		1894E4912E2FA56500447E58 /* Assets.xcassets */ = {isa = PBXFileReference; lastKnownFileType = folder.assetcatalog; path = Assets.xcassets; sourceTree = "<group>"; };
		1894E4922E2FA56500447E58 /* Info.plist */ = {isa = PBXFileReference; lastKnownFileType = text.plist.xml; path = Info.plist; sourceTree = "<group>"; };
		1894E4932E2FA56500447E58 /* Base */ = {isa = PBXFileReference; lastKnownFileType = file.storyboard; name = Base; path = Base.lproj/LaunchScreen.storyboard; sourceTree = "<group>"; };
		1894E4972E2FA56500447E58 /* SceneDelegate.swift */ = {isa = PBXFileReference; lastKnownFileType = sourcecode.swift; path = SceneDelegate.swift; sourceTree = "<group>"; };
		1894E4A12E2FA7A500447E58 /* SplashVC.swift */ = {isa = PBXFileReference; lastKnownFileType = sourcecode.swift; path = SplashVC.swift; sourceTree = "<group>"; };
		1894E4A62E2FAA4800447E58 /* Constants.swift */ = {isa = PBXFileReference; lastKnownFileType = sourcecode.swift; path = Constants.swift; sourceTree = "<group>"; };
		1894E4AC2E2FAAFA00447E58 /* HomeViewController.swift */ = {isa = PBXFileReference; lastKnownFileType = sourcecode.swift; path = HomeViewController.swift; sourceTree = "<group>"; };
		1894E4AD2E2FAAFA00447E58 /* HomeViewController.xib */ = {isa = PBXFileReference; lastKnownFileType = file.xib; path = HomeViewController.xib; sourceTree = "<group>"; };
		1894E4CB2E2FACB000447E58 /* MenuViewController.swift */ = {isa = PBXFileReference; lastKnownFileType = sourcecode.swift; path = MenuViewController.swift; sourceTree = "<group>"; };
		1894E4CC2E2FACB000447E58 /* MenuViewController.xib */ = {isa = PBXFileReference; lastKnownFileType = file.xib; path = MenuViewController.xib; sourceTree = "<group>"; };
		1894E4CF2E2FACC800447E58 /* CartViewController.swift */ = {isa = PBXFileReference; lastKnownFileType = sourcecode.swift; path = CartViewController.swift; sourceTree = "<group>"; };
		1894E4D02E2FACC800447E58 /* CartViewController.xib */ = {isa = PBXFileReference; lastKnownFileType = file.xib; path = CartViewController.xib; sourceTree = "<group>"; };
		1894E4D32E2FACE300447E58 /* CheckoutViewController.swift */ = {isa = PBXFileReference; lastKnownFileType = sourcecode.swift; path = CheckoutViewController.swift; sourceTree = "<group>"; };
		1894E4D42E2FACE300447E58 /* CheckoutViewController.xib */ = {isa = PBXFileReference; lastKnownFileType = file.xib; path = CheckoutViewController.xib; sourceTree = "<group>"; };
		1894E4D72E2FAD0000447E58 /* HomeViewModel.swift */ = {isa = PBXFileReference; lastKnownFileType = sourcecode.swift; path = HomeViewModel.swift; sourceTree = "<group>"; };
		1894E4D92E2FAD4700447E58 /* MenuViewModel.swift */ = {isa = PBXFileReference; lastKnownFileType = sourcecode.swift; path = MenuViewModel.swift; sourceTree = "<group>"; };
		1894E4DB2E2FAD6900447E58 /* CartViewModel.swift */ = {isa = PBXFileReference; lastKnownFileType = sourcecode.swift; path = CartViewModel.swift; sourceTree = "<group>"; };
		1894E4DD2E2FAD7900447E58 /* CheckoutViewModel.swift */ = {isa = PBXFileReference; lastKnownFileType = sourcecode.swift; path = CheckoutViewModel.swift; sourceTree = "<group>"; };
		1894E4E22E2FB10300447E58 /* Common.swift */ = {isa = PBXFileReference; lastKnownFileType = sourcecode.swift; path = Common.swift; sourceTree = "<group>"; };
		1894E5302E2FB5CD00447E58 /* UIViewController+Extension.swift */ = {isa = PBXFileReference; lastKnownFileType = sourcecode.swift; path = "UIViewController+Extension.swift"; sourceTree = "<group>"; };
		1894E5762E30113B00447E58 /* APIManager.swift */ = {isa = PBXFileReference; lastKnownFileType = sourcecode.swift; path = APIManager.swift; sourceTree = "<group>"; };
		1894E5782E30117200447E58 /* APIService.swift */ = {isa = PBXFileReference; lastKnownFileType = sourcecode.swift; path = APIService.swift; sourceTree = "<group>"; };
		1894E57E2E3013A000447E58 /* RestaurantService.swift */ = {isa = PBXFileReference; lastKnownFileType = sourcecode.swift; path = RestaurantService.swift; sourceTree = "<group>"; };
		1894E5812E3013DA00447E58 /* RestaurantList.swift */ = {isa = PBXFileReference; lastKnownFileType = sourcecode.swift; path = RestaurantList.swift; sourceTree = "<group>"; };
		1894E5872E301F0800447E58 /* HomeTableViewCell.swift */ = {isa = PBXFileReference; lastKnownFileType = sourcecode.swift; path = HomeTableViewCell.swift; sourceTree = "<group>"; };
		1894E5882E301F0800447E58 /* HomeTableViewCell.xib */ = {isa = PBXFileReference; lastKnownFileType = file.xib; path = HomeTableViewCell.xib; sourceTree = "<group>"; };
		1894E5F22E31412E00447E58 /* MenuList.swift */ = {isa = PBXFileReference; lastKnownFileType = sourcecode.swift; path = MenuList.swift; sourceTree = "<group>"; };
		1894E5F52E31434A00447E58 /* MenuService.swift */ = {isa = PBXFileReference; lastKnownFileType = sourcecode.swift; path = MenuService.swift; sourceTree = "<group>"; };
		1894E6332E31593800447E58 /* MenuTableViewCell.swift */ = {isa = PBXFileReference; lastKnownFileType = sourcecode.swift; path = MenuTableViewCell.swift; sourceTree = "<group>"; };
		1894E6342E31593800447E58 /* MenuTableViewCell.xib */ = {isa = PBXFileReference; lastKnownFileType = file.xib; path = MenuTableViewCell.xib; sourceTree = "<group>"; };
		1894E6762E316C9400447E58 /* CoreData.framework */ = {isa = PBXFileReference; lastKnownFileType = wrapper.framework; name = CoreData.framework; path = System/Library/Frameworks/CoreData.framework; sourceTree = SDKROOT; };
		1894E6792E316CC500447E58 /* DesiDabbaModel.xcdatamodel */ = {isa = PBXFileReference; lastKnownFileType = wrapper.xcdatamodel; path = DesiDabbaModel.xcdatamodel; sourceTree = "<group>"; };
		1894E67B2E316D8900447E58 /* CoreDataManager.swift */ = {isa = PBXFileReference; lastKnownFileType = sourcecode.swift; path = CoreDataManager.swift; sourceTree = "<group>"; };
		1894E67F2E31722800447E58 /* Protocols.swift */ = {isa = PBXFileReference; lastKnownFileType = sourcecode.swift; path = Protocols.swift; sourceTree = "<group>"; };
/* End PBXFileReference section */

/* Begin PBXFrameworksBuildPhase section */
		1894E4752E2FA55800447E58 /* Frameworks */ = {
			isa = PBXFrameworksBuildPhase;
			buildActionMask = 2147483647;
			files = (
				1894E6392E315B9200447E58 /* Kingfisher in Frameworks */,
				1894E6772E316C9400447E58 /* CoreData.framework in Frameworks */,
				1894E4E12E2FB0EF00447E58 /* SwiftLoader in Frameworks */,
			);
			runOnlyForDeploymentPostprocessing = 0;
		};
/* End PBXFrameworksBuildPhase section */

/* Begin PBXGroup section */
		1894E46F2E2FA55800447E58 = {
			isa = PBXGroup;
			children = (
				1894E67B2E316D8900447E58 /* CoreDataManager.swift */,
				1894E6782E316CC500447E58 /* DesiDabbaModel.xcdatamodeld */,
				1894E4992E2FA56500447E58 /* DesiDabba */,
				1894E6752E316C9300447E58 /* Frameworks */,
				1894E4792E2FA55800447E58 /* Products */,
			);
			sourceTree = "<group>";
		};
		1894E4792E2FA55800447E58 /* Products */ = {
			isa = PBXGroup;
			children = (
				1894E4782E2FA55800447E58 /* DesiDabba.app */,
			);
			name = Products;
			sourceTree = "<group>";
		};
		1894E4992E2FA56500447E58 /* DesiDabba */ = {
			isa = PBXGroup;
			children = (
				1894E4A32E2FA97300447E58 /* Application */,
				1894E5752E30111400447E58 /* APIService */,
				1894E4A42E2FA9A600447E58 /* Modules */,
				1894E4A52E2FAA2800447E58 /* Utilities */,
				1894E4912E2FA56500447E58 /* Assets.xcassets */,
				1894E4922E2FA56500447E58 /* Info.plist */,
			);
			path = DesiDabba;
			sourceTree = "<group>";
		};
		1894E4A32E2FA97300447E58 /* Application */ = {
			isa = PBXGroup;
			children = (
				1894E4942E2FA56500447E58 /* LaunchScreen.storyboard */,
				1894E4A12E2FA7A500447E58 /* SplashVC.swift */,
				1894E4902E2FA56500447E58 /* AppDelegate.swift */,
				1894E4972E2FA56500447E58 /* SceneDelegate.swift */,
			);
			path = Application;
			sourceTree = "<group>";
		};
		1894E4A42E2FA9A600447E58 /* Modules */ = {
			isa = PBXGroup;
			children = (
				1894E4A82E2FAAB200447E58 /* Home */,
				1894E4B32E2FAC2C00447E58 /* Menu */,
				1894E4BB2E2FAC5000447E58 /* Cart */,
				1894E4C32E2FAC5E00447E58 /* Checkout */,
			);
			path = Modules;
			sourceTree = "<group>";
		};
		1894E4A52E2FAA2800447E58 /* Utilities */ = {
			isa = PBXGroup;
			children = (
				1894E67F2E31722800447E58 /* Protocols.swift */,
				1894E4E22E2FB10300447E58 /* Common.swift */,
				1894E4A62E2FAA4800447E58 /* Constants.swift */,
				1894E5322E2FB60700447E58 /* Extensions */,
			);
			path = Utilities;
			sourceTree = "<group>";
		};
		1894E4A82E2FAAB200447E58 /* Home */ = {
			isa = PBXGroup;
			children = (
				1894E4B22E2FAB5800447E58 /* Model */,
				1894E4B12E2FAB5000447E58 /* View */,
				1894E4B02E2FAB4600447E58 /* ViewModel */,
				1894E57F2E3013A000447E58 /* WebService */,
			);
			path = Home;
			sourceTree = "<group>";
		};
		1894E4B02E2FAB4600447E58 /* ViewModel */ = {
			isa = PBXGroup;
			children = (
				1894E4D72E2FAD0000447E58 /* HomeViewModel.swift */,
			);
			path = ViewModel;
			sourceTree = "<group>";
		};
		1894E4B12E2FAB5000447E58 /* View */ = {
			isa = PBXGroup;
			children = (
				1894E56E2E2FF34400447E58 /* Cells */,
				1894E4AC2E2FAAFA00447E58 /* HomeViewController.swift */,
				1894E4AD2E2FAAFA00447E58 /* HomeViewController.xib */,
			);
			path = View;
			sourceTree = "<group>";
		};
		1894E4B22E2FAB5800447E58 /* Model */ = {
			isa = PBXGroup;
			children = (
				1894E5812E3013DA00447E58 /* RestaurantList.swift */,
			);
			path = Model;
			sourceTree = "<group>";
		};
		1894E4B32E2FAC2C00447E58 /* Menu */ = {
			isa = PBXGroup;
			children = (
				1894E4B42E2FAC3600447E58 /* Model */,
				1894E4B72E2FAC3600447E58 /* View */,
				1894E4B82E2FAC3600447E58 /* ViewModel */,
				1894E5F42E31433700447E58 /* WebService */,
			);
			path = Menu;
			sourceTree = "<group>";
		};
		1894E4B42E2FAC3600447E58 /* Model */ = {
			isa = PBXGroup;
			children = (
				1894E5F22E31412E00447E58 /* MenuList.swift */,
			);
			path = Model;
			sourceTree = "<group>";
		};
		1894E4B72E2FAC3600447E58 /* View */ = {
			isa = PBXGroup;
			children = (
				1894E6322E31592500447E58 /* Cells */,
				1894E4CB2E2FACB000447E58 /* MenuViewController.swift */,
				1894E4CC2E2FACB000447E58 /* MenuViewController.xib */,
			);
			path = View;
			sourceTree = "<group>";
		};
		1894E4B82E2FAC3600447E58 /* ViewModel */ = {
			isa = PBXGroup;
			children = (
				1894E4D92E2FAD4700447E58 /* MenuViewModel.swift */,
			);
			path = ViewModel;
			sourceTree = "<group>";
		};
		1894E4BB2E2FAC5000447E58 /* Cart */ = {
			isa = PBXGroup;
			children = (
				1894E4BC2E2FAC5500447E58 /* Model */,
				1894E4BF2E2FAC5500447E58 /* View */,
				1894E4C02E2FAC5500447E58 /* ViewModel */,
			);
			path = Cart;
			sourceTree = "<group>";
		};
		1894E4BC2E2FAC5500447E58 /* Model */ = {
			isa = PBXGroup;
			children = (
			);
			path = Model;
			sourceTree = "<group>";
		};
		1894E4BF2E2FAC5500447E58 /* View */ = {
			isa = PBXGroup;
			children = (
				1894E4CF2E2FACC800447E58 /* CartViewController.swift */,
				1894E4D02E2FACC800447E58 /* CartViewController.xib */,
			);
			path = View;
			sourceTree = "<group>";
		};
		1894E4C02E2FAC5500447E58 /* ViewModel */ = {
			isa = PBXGroup;
			children = (
				1894E4DB2E2FAD6900447E58 /* CartViewModel.swift */,
			);
			path = ViewModel;
			sourceTree = "<group>";
		};
		1894E4C32E2FAC5E00447E58 /* Checkout */ = {
			isa = PBXGroup;
			children = (
				1894E4C42E2FAC6400447E58 /* Model */,
				1894E4C72E2FAC6400447E58 /* View */,
				1894E4C82E2FAC6400447E58 /* ViewModel */,
			);
			path = Checkout;
			sourceTree = "<group>";
		};
		1894E4C42E2FAC6400447E58 /* Model */ = {
			isa = PBXGroup;
			children = (
			);
			path = Model;
			sourceTree = "<group>";
		};
		1894E4C72E2FAC6400447E58 /* View */ = {
			isa = PBXGroup;
			children = (
				1894E4D32E2FACE300447E58 /* CheckoutViewController.swift */,
				1894E4D42E2FACE300447E58 /* CheckoutViewController.xib */,
			);
			path = View;
			sourceTree = "<group>";
		};
		1894E4C82E2FAC6400447E58 /* ViewModel */ = {
			isa = PBXGroup;
			children = (
				1894E4DD2E2FAD7900447E58 /* CheckoutViewModel.swift */,
			);
			path = ViewModel;
			sourceTree = "<group>";
		};
		1894E5322E2FB60700447E58 /* Extensions */ = {
			isa = PBXGroup;
			children = (
				1894E5302E2FB5CD00447E58 /* UIViewController+Extension.swift */,
			);
			path = Extensions;
			sourceTree = "<group>";
		};
		1894E56E2E2FF34400447E58 /* Cells */ = {
			isa = PBXGroup;
			children = (
				1894E5872E301F0800447E58 /* HomeTableViewCell.swift */,
				1894E5882E301F0800447E58 /* HomeTableViewCell.xib */,
			);
			path = Cells;
			sourceTree = "<group>";
		};
		1894E5752E30111400447E58 /* APIService */ = {
			isa = PBXGroup;
			children = (
				1894E5782E30117200447E58 /* APIService.swift */,
				1894E5762E30113B00447E58 /* APIManager.swift */,
			);
			path = APIService;
			sourceTree = "<group>";
		};
		1894E57F2E3013A000447E58 /* WebService */ = {
			isa = PBXGroup;
			children = (
				1894E57E2E3013A000447E58 /* RestaurantService.swift */,
			);
			path = WebService;
			sourceTree = "<group>";
		};
		1894E5F42E31433700447E58 /* WebService */ = {
			isa = PBXGroup;
			children = (
				1894E5F52E31434A00447E58 /* MenuService.swift */,
			);
			path = WebService;
			sourceTree = "<group>";
		};
		1894E6322E31592500447E58 /* Cells */ = {
			isa = PBXGroup;
			children = (
				1894E6332E31593800447E58 /* MenuTableViewCell.swift */,
				1894E6342E31593800447E58 /* MenuTableViewCell.xib */,
			);
			path = Cells;
			sourceTree = "<group>";
		};
		1894E6752E316C9300447E58 /* Frameworks */ = {
			isa = PBXGroup;
			children = (
				1894E6762E316C9400447E58 /* CoreData.framework */,
			);
			name = Frameworks;
			sourceTree = "<group>";
		};
/* End PBXGroup section */

/* Begin PBXNativeTarget section */
		1894E4772E2FA55800447E58 /* DesiDabba */ = {
			isa = PBXNativeTarget;
			buildConfigurationList = 1894E48B2E2FA55A00447E58 /* Build configuration list for PBXNativeTarget "DesiDabba" */;
			buildPhases = (
				1894E4742E2FA55800447E58 /* Sources */,
				1894E4752E2FA55800447E58 /* Frameworks */,
				1894E4762E2FA55800447E58 /* Resources */,
			);
			buildRules = (
			);
			dependencies = (
			);
			name = DesiDabba;
			packageProductDependencies = (
				1894E4E02E2FB0EF00447E58 /* SwiftLoader */,
				1894E6382E315B9200447E58 /* Kingfisher */,
			);
			productName = DesiDabba;
			productReference = 1894E4782E2FA55800447E58 /* DesiDabba.app */;
			productType = "com.apple.product-type.application";
		};
/* End PBXNativeTarget section */

/* Begin PBXProject section */
		1894E4702E2FA55800447E58 /* Project object */ = {
			isa = PBXProject;
			attributes = {
				BuildIndependentTargetsInParallel = 1;
				LastSwiftUpdateCheck = 1640;
				LastUpgradeCheck = 1640;
				TargetAttributes = {
					1894E4772E2FA55800447E58 = {
						CreatedOnToolsVersion = 16.4;
					};
				};
			};
			buildConfigurationList = 1894E4732E2FA55800447E58 /* Build configuration list for PBXProject "DesiDabba" */;
			developmentRegion = en;
			hasScannedForEncodings = 0;
			knownRegions = (
				en,
				Base,
			);
			mainGroup = 1894E46F2E2FA55800447E58;
			minimizedProjectReferenceProxies = 1;
			packageReferences = (
				1894E4DF2E2FB0EF00447E58 /* XCRemoteSwiftPackageReference "SwiftLoader" */,
				1894E6372E315B9200447E58 /* XCRemoteSwiftPackageReference "Kingfisher" */,
			);
			preferredProjectObjectVersion = 77;
			productRefGroup = 1894E4792E2FA55800447E58 /* Products */;
			projectDirPath = "";
			projectRoot = "";
			targets = (
				1894E4772E2FA55800447E58 /* DesiDabba */,
			);
		};
/* End PBXProject section */

/* Begin PBXResourcesBuildPhase section */
		1894E4762E2FA55800447E58 /* Resources */ = {
			isa = PBXResourcesBuildPhase;
			buildActionMask = 2147483647;
			files = (
				1894E4D52E2FACE300447E58 /* CheckoutViewController.xib in Resources */,
				1894E5892E301F0800447E58 /* HomeTableViewCell.xib in Resources */,
				1894E49A2E2FA56500447E58 /* Assets.xcassets in Resources */,
				1894E4CD2E2FACB000447E58 /* MenuViewController.xib in Resources */,
				1894E4D12E2FACC800447E58 /* CartViewController.xib in Resources */,
				1894E4AE2E2FAAFA00447E58 /* HomeViewController.xib in Resources */,
				1894E6362E31593800447E58 /* MenuTableViewCell.xib in Resources */,
				1894E49C2E2FA56500447E58 /* LaunchScreen.storyboard in Resources */,
			);
			runOnlyForDeploymentPostprocessing = 0;
		};
/* End PBXResourcesBuildPhase section */

/* Begin PBXSourcesBuildPhase section */
		1894E4742E2FA55800447E58 /* Sources */ = {
			isa = PBXSourcesBuildPhase;
			buildActionMask = 2147483647;
			files = (
				1894E5792E30117600447E58 /* APIService.swift in Sources */,
				1894E5772E30113F00447E58 /* APIManager.swift in Sources */,
				1894E4DE2E2FAD7F00447E58 /* CheckoutViewModel.swift in Sources */,
				1894E49E2E2FA56500447E58 /* AppDelegate.swift in Sources */,
				1894E5802E3013A000447E58 /* RestaurantService.swift in Sources */,
				1894E6802E31722C00447E58 /* Protocols.swift in Sources */,
				1894E5F62E31435200447E58 /* MenuService.swift in Sources */,
				1894E67C2E316D8F00447E58 /* CoreDataManager.swift in Sources */,
				1894E5312E2FB5DE00447E58 /* UIViewController+Extension.swift in Sources */,
				1894E58A2E301F0800447E58 /* HomeTableViewCell.swift in Sources */,
				1894E4E32E2FB10500447E58 /* Common.swift in Sources */,
				1894E4AF2E2FAAFA00447E58 /* HomeViewController.swift in Sources */,
				1894E6352E31593800447E58 /* MenuTableViewCell.swift in Sources */,
				1894E4D62E2FACE300447E58 /* CheckoutViewController.swift in Sources */,
				1894E5822E3013EB00447E58 /* RestaurantList.swift in Sources */,
				1894E4D82E2FAD0700447E58 /* HomeViewModel.swift in Sources */,
				1894E67A2E316CC600447E58 /* DesiDabbaModel.xcdatamodeld in Sources */,
				1894E4DC2E2FAD6D00447E58 /* CartViewModel.swift in Sources */,
				1894E4D22E2FACC800447E58 /* CartViewController.swift in Sources */,
				1894E49F2E2FA56500447E58 /* SceneDelegate.swift in Sources */,
				1894E4A22E2FA7AD00447E58 /* SplashVC.swift in Sources */,
				1894E4A72E2FAA4B00447E58 /* Constants.swift in Sources */,
				1894E4CE2E2FACB000447E58 /* MenuViewController.swift in Sources */,
				1894E5F32E31413200447E58 /* MenuList.swift in Sources */,
				1894E4DA2E2FAD4A00447E58 /* MenuViewModel.swift in Sources */,
			);
			runOnlyForDeploymentPostprocessing = 0;
		};
/* End PBXSourcesBuildPhase section */

/* Begin PBXVariantGroup section */
		1894E4942E2FA56500447E58 /* LaunchScreen.storyboard */ = {
			isa = PBXVariantGroup;
			children = (
				1894E4932E2FA56500447E58 /* Base */,
			);
			name = LaunchScreen.storyboard;
			sourceTree = "<group>";
		};
/* End PBXVariantGroup section */

/* Begin XCBuildConfiguration section */
		1894E48C2E2FA55A00447E58 /* Debug */ = {
			isa = XCBuildConfiguration;
			buildSettings = {
				ASSETCATALOG_COMPILER_APPICON_NAME = AppIcon;
				ASSETCATALOG_COMPILER_GLOBAL_ACCENT_COLOR_NAME = AccentColor;
				CODE_SIGN_STYLE = Automatic;
				CURRENT_PROJECT_VERSION = 1;
				DEVELOPMENT_TEAM = Z37X84PRTQ;
				GENERATE_INFOPLIST_FILE = YES;
				INFOPLIST_FILE = DesiDabba/Info.plist;
				INFOPLIST_KEY_CFBundleDisplayName = "Desi Dabba";
				INFOPLIST_KEY_LSApplicationCategoryType = "public.app-category.food-and-drink";
				INFOPLIST_KEY_UIApplicationSupportsIndirectInputEvents = YES;
				INFOPLIST_KEY_UILaunchStoryboardName = LaunchScreen;
				INFOPLIST_KEY_UIMainStoryboardFile = "";
				INFOPLIST_KEY_UISupportedInterfaceOrientations = UIInterfaceOrientationPortrait;
				INFOPLIST_KEY_UISupportedInterfaceOrientations_iPad = "UIInterfaceOrientationLandscapeLeft UIInterfaceOrientationLandscapeRight UIInterfaceOrientationPortrait UIInterfaceOrientationPortraitUpsideDown";
				IPHONEOS_DEPLOYMENT_TARGET = 13.0;
				LD_RUNPATH_SEARCH_PATHS = (
					"$(inherited)",
					"@executable_path/Frameworks",
				);
				MARKETING_VERSION = 1.0;
				PRODUCT_BUNDLE_IDENTIFIER = com.Aditya.DesiDabba;
				PRODUCT_NAME = "$(TARGET_NAME)";
				SUPPORTED_PLATFORMS = "iphoneos iphonesimulator";
				SUPPORTS_MACCATALYST = NO;
				SUPPORTS_MAC_DESIGNED_FOR_IPHONE_IPAD = NO;
				SUPPORTS_XR_DESIGNED_FOR_IPHONE_IPAD = NO;
				SWIFT_EMIT_LOC_STRINGS = YES;
				SWIFT_VERSION = 5.0;
				TARGETED_DEVICE_FAMILY = 1;
			};
			name = Debug;
		};
		1894E48D2E2FA55A00447E58 /* Release */ = {
			isa = XCBuildConfiguration;
			buildSettings = {
				ASSETCATALOG_COMPILER_APPICON_NAME = AppIcon;
				ASSETCATALOG_COMPILER_GLOBAL_ACCENT_COLOR_NAME = AccentColor;
				CODE_SIGN_STYLE = Automatic;
				CURRENT_PROJECT_VERSION = 1;
				DEVELOPMENT_TEAM = Z37X84PRTQ;
				GENERATE_INFOPLIST_FILE = YES;
				INFOPLIST_FILE = DesiDabba/Info.plist;
				INFOPLIST_KEY_CFBundleDisplayName = "Desi Dabba";
				INFOPLIST_KEY_LSApplicationCategoryType = "public.app-category.food-and-drink";
				INFOPLIST_KEY_UIApplicationSupportsIndirectInputEvents = YES;
				INFOPLIST_KEY_UILaunchStoryboardName = LaunchScreen;
				INFOPLIST_KEY_UIMainStoryboardFile = "";
				INFOPLIST_KEY_UISupportedInterfaceOrientations = UIInterfaceOrientationPortrait;
				INFOPLIST_KEY_UISupportedInterfaceOrientations_iPad = "UIInterfaceOrientationLandscapeLeft UIInterfaceOrientationLandscapeRight UIInterfaceOrientationPortrait UIInterfaceOrientationPortraitUpsideDown";
				IPHONEOS_DEPLOYMENT_TARGET = 13.0;
				LD_RUNPATH_SEARCH_PATHS = (
					"$(inherited)",
					"@executable_path/Frameworks",
				);
				MARKETING_VERSION = 1.0;
				PRODUCT_BUNDLE_IDENTIFIER = com.Aditya.DesiDabba;
				PRODUCT_NAME = "$(TARGET_NAME)";
				SUPPORTED_PLATFORMS = "iphoneos iphonesimulator";
				SUPPORTS_MACCATALYST = NO;
				SUPPORTS_MAC_DESIGNED_FOR_IPHONE_IPAD = NO;
				SUPPORTS_XR_DESIGNED_FOR_IPHONE_IPAD = NO;
				SWIFT_EMIT_LOC_STRINGS = YES;
				SWIFT_VERSION = 5.0;
				TARGETED_DEVICE_FAMILY = 1;
			};
			name = Release;
		};
		1894E48E2E2FA55A00447E58 /* Debug */ = {
			isa = XCBuildConfiguration;
			buildSettings = {
				ALWAYS_SEARCH_USER_PATHS = NO;
				ASSETCATALOG_COMPILER_GENERATE_SWIFT_ASSET_SYMBOL_EXTENSIONS = YES;
				CLANG_ANALYZER_NONNULL = YES;
				CLANG_ANALYZER_NUMBER_OBJECT_CONVERSION = YES_AGGRESSIVE;
				CLANG_CXX_LANGUAGE_STANDARD = "gnu++20";
				CLANG_ENABLE_MODULES = YES;
				CLANG_ENABLE_OBJC_ARC = YES;
				CLANG_ENABLE_OBJC_WEAK = YES;
				CLANG_WARN_BLOCK_CAPTURE_AUTORELEASING = YES;
				CLANG_WARN_BOOL_CONVERSION = YES;
				CLANG_WARN_COMMA = YES;
				CLANG_WARN_CONSTANT_CONVERSION = YES;
				CLANG_WARN_DEPRECATED_OBJC_IMPLEMENTATIONS = YES;
				CLANG_WARN_DIRECT_OBJC_ISA_USAGE = YES_ERROR;
				CLANG_WARN_DOCUMENTATION_COMMENTS = YES;
				CLANG_WARN_EMPTY_BODY = YES;
				CLANG_WARN_ENUM_CONVERSION = YES;
				CLANG_WARN_INFINITE_RECURSION = YES;
				CLANG_WARN_INT_CONVERSION = YES;
				CLANG_WARN_NON_LITERAL_NULL_CONVERSION = YES;
				CLANG_WARN_OBJC_IMPLICIT_RETAIN_SELF = YES;
				CLANG_WARN_OBJC_LITERAL_CONVERSION = YES;
				CLANG_WARN_OBJC_ROOT_CLASS = YES_ERROR;
				CLANG_WARN_QUOTED_INCLUDE_IN_FRAMEWORK_HEADER = YES;
				CLANG_WARN_RANGE_LOOP_ANALYSIS = YES;
				CLANG_WARN_STRICT_PROTOTYPES = YES;
				CLANG_WARN_SUSPICIOUS_MOVE = YES;
				CLANG_WARN_UNGUARDED_AVAILABILITY = YES_AGGRESSIVE;
				CLANG_WARN_UNREACHABLE_CODE = YES;
				CLANG_WARN__DUPLICATE_METHOD_MATCH = YES;
				COPY_PHASE_STRIP = NO;
				DEBUG_INFORMATION_FORMAT = dwarf;
				DEVELOPMENT_TEAM = Z37X84PRTQ;
				ENABLE_STRICT_OBJC_MSGSEND = YES;
				ENABLE_TESTABILITY = YES;
				ENABLE_USER_SCRIPT_SANDBOXING = YES;
				GCC_C_LANGUAGE_STANDARD = gnu17;
				GCC_DYNAMIC_NO_PIC = NO;
				GCC_NO_COMMON_BLOCKS = YES;
				GCC_OPTIMIZATION_LEVEL = 0;
				GCC_PREPROCESSOR_DEFINITIONS = (
					"DEBUG=1",
					"$(inherited)",
				);
				GCC_WARN_64_TO_32_BIT_CONVERSION = YES;
				GCC_WARN_ABOUT_RETURN_TYPE = YES_ERROR;
				GCC_WARN_UNDECLARED_SELECTOR = YES;
				GCC_WARN_UNINITIALIZED_AUTOS = YES_AGGRESSIVE;
				GCC_WARN_UNUSED_FUNCTION = YES;
				GCC_WARN_UNUSED_VARIABLE = YES;
				IPHONEOS_DEPLOYMENT_TARGET = 18.5;
				LOCALIZATION_PREFERS_STRING_CATALOGS = YES;
				MTL_ENABLE_DEBUG_INFO = INCLUDE_SOURCE;
				MTL_FAST_MATH = YES;
				ONLY_ACTIVE_ARCH = YES;
				SDKROOT = iphoneos;
				SWIFT_ACTIVE_COMPILATION_CONDITIONS = "DEBUG $(inherited)";
				SWIFT_OPTIMIZATION_LEVEL = "-Onone";
			};
			name = Debug;
		};
		1894E48F2E2FA55A00447E58 /* Release */ = {
			isa = XCBuildConfiguration;
			buildSettings = {
				ALWAYS_SEARCH_USER_PATHS = NO;
				ASSETCATALOG_COMPILER_GENERATE_SWIFT_ASSET_SYMBOL_EXTENSIONS = YES;
				CLANG_ANALYZER_NONNULL = YES;
				CLANG_ANALYZER_NUMBER_OBJECT_CONVERSION = YES_AGGRESSIVE;
				CLANG_CXX_LANGUAGE_STANDARD = "gnu++20";
				CLANG_ENABLE_MODULES = YES;
				CLANG_ENABLE_OBJC_ARC = YES;
				CLANG_ENABLE_OBJC_WEAK = YES;
				CLANG_WARN_BLOCK_CAPTURE_AUTORELEASING = YES;
				CLANG_WARN_BOOL_CONVERSION = YES;
				CLANG_WARN_COMMA = YES;
				CLANG_WARN_CONSTANT_CONVERSION = YES;
				CLANG_WARN_DEPRECATED_OBJC_IMPLEMENTATIONS = YES;
				CLANG_WARN_DIRECT_OBJC_ISA_USAGE = YES_ERROR;
				CLANG_WARN_DOCUMENTATION_COMMENTS = YES;
				CLANG_WARN_EMPTY_BODY = YES;
				CLANG_WARN_ENUM_CONVERSION = YES;
				CLANG_WARN_INFINITE_RECURSION = YES;
				CLANG_WARN_INT_CONVERSION = YES;
				CLANG_WARN_NON_LITERAL_NULL_CONVERSION = YES;
				CLANG_WARN_OBJC_IMPLICIT_RETAIN_SELF = YES;
				CLANG_WARN_OBJC_LITERAL_CONVERSION = YES;
				CLANG_WARN_OBJC_ROOT_CLASS = YES_ERROR;
				CLANG_WARN_QUOTED_INCLUDE_IN_FRAMEWORK_HEADER = YES;
				CLANG_WARN_RANGE_LOOP_ANALYSIS = YES;
				CLANG_WARN_STRICT_PROTOTYPES = YES;
				CLANG_WARN_SUSPICIOUS_MOVE = YES;
				CLANG_WARN_UNGUARDED_AVAILABILITY = YES_AGGRESSIVE;
				CLANG_WARN_UNREACHABLE_CODE = YES;
				CLANG_WARN__DUPLICATE_METHOD_MATCH = YES;
				COPY_PHASE_STRIP = NO;
				DEBUG_INFORMATION_FORMAT = "dwarf-with-dsym";
				DEVELOPMENT_TEAM = Z37X84PRTQ;
				ENABLE_NS_ASSERTIONS = NO;
				ENABLE_STRICT_OBJC_MSGSEND = YES;
				ENABLE_USER_SCRIPT_SANDBOXING = YES;
				GCC_C_LANGUAGE_STANDARD = gnu17;
				GCC_NO_COMMON_BLOCKS = YES;
				GCC_WARN_64_TO_32_BIT_CONVERSION = YES;
				GCC_WARN_ABOUT_RETURN_TYPE = YES_ERROR;
				GCC_WARN_UNDECLARED_SELECTOR = YES;
				GCC_WARN_UNINITIALIZED_AUTOS = YES_AGGRESSIVE;
				GCC_WARN_UNUSED_FUNCTION = YES;
				GCC_WARN_UNUSED_VARIABLE = YES;
				IPHONEOS_DEPLOYMENT_TARGET = 18.5;
				LOCALIZATION_PREFERS_STRING_CATALOGS = YES;
				MTL_ENABLE_DEBUG_INFO = NO;
				MTL_FAST_MATH = YES;
				SDKROOT = iphoneos;
				SWIFT_COMPILATION_MODE = wholemodule;
				VALIDATE_PRODUCT = YES;
			};
			name = Release;
		};
/* End XCBuildConfiguration section */

/* Begin XCConfigurationList section */
		1894E4732E2FA55800447E58 /* Build configuration list for PBXProject "DesiDabba" */ = {
			isa = XCConfigurationList;
			buildConfigurations = (
				1894E48E2E2FA55A00447E58 /* Debug */,
				1894E48F2E2FA55A00447E58 /* Release */,
			);
			defaultConfigurationIsVisible = 0;
			defaultConfigurationName = Release;
		};
		1894E48B2E2FA55A00447E58 /* Build configuration list for PBXNativeTarget "DesiDabba" */ = {
			isa = XCConfigurationList;
			buildConfigurations = (
				1894E48C2E2FA55A00447E58 /* Debug */,
				1894E48D2E2FA55A00447E58 /* Release */,
			);
			defaultConfigurationIsVisible = 0;
			defaultConfigurationName = Release;
		};
/* End XCConfigurationList section */

/* Begin XCRemoteSwiftPackageReference section */
		1894E4DF2E2FB0EF00447E58 /* XCRemoteSwiftPackageReference "SwiftLoader" */ = {
			isa = XCRemoteSwiftPackageReference;
			repositoryURL = "https://github.com/leoru/SwiftLoader";
			requirement = {
				kind = upToNextMajorVersion;
				minimumVersion = 1.0.0;
			};
		};
		1894E6372E315B9200447E58 /* XCRemoteSwiftPackageReference "Kingfisher" */ = {
			isa = XCRemoteSwiftPackageReference;
			repositoryURL = "https://github.com/onevcat/Kingfisher";
			requirement = {
				kind = upToNextMajorVersion;
				minimumVersion = 8.5.0;
			};
		};
/* End XCRemoteSwiftPackageReference section */

/* Begin XCSwiftPackageProductDependency section */
		1894E4E02E2FB0EF00447E58 /* SwiftLoader */ = {
			isa = XCSwiftPackageProductDependency;
			package = 1894E4DF2E2FB0EF00447E58 /* XCRemoteSwiftPackageReference "SwiftLoader" */;
			productName = SwiftLoader;
		};
		1894E6382E315B9200447E58 /* Kingfisher */ = {
			isa = XCSwiftPackageProductDependency;
			package = 1894E6372E315B9200447E58 /* XCRemoteSwiftPackageReference "Kingfisher" */;
			productName = Kingfisher;
		};
/* End XCSwiftPackageProductDependency section */

/* Begin XCVersionGroup section */
		1894E6782E316CC500447E58 /* DesiDabbaModel.xcdatamodeld */ = {
			isa = XCVersionGroup;
			children = (
				1894E6792E316CC500447E58 /* DesiDabbaModel.xcdatamodel */,
			);
			currentVersion = 1894E6792E316CC500447E58 /* DesiDabbaModel.xcdatamodel */;
			path = DesiDabbaModel.xcdatamodeld;
			sourceTree = "<group>";
			versionGroupType = wrapper.xcdatamodel;
		};
/* End XCVersionGroup section */
	};
	rootObject = 1894E4702E2FA55800447E58 /* Project object */;
}
